# This file is autogenerated, do not edit; changes may be undone by the next 'dep ensure'.


[[projects]]
  branch = "master"
  name = "github.com/josledp/termcolor"
  packages = ["."]
  revision = "15084bd81a38b986efa2cf72e161b2bf4478aa60"

[[projects]]
  branch = "v26"
  name = "gopkg.in/libgit2/git2go.v26"
  packages = ["."]
  revision = "4f0bb98c948b69054c0e32f5149480f76ab6e5e5"

[[projects]]
  name = "gopkg.in/yaml.v2"
  packages = ["."]
  revision = "5420a8b6744d3b0345ab293f6fcba19c978f1183"
  version = "v2.2.1"

[solve-meta]
  analyzer-name = "dep"
  analyzer-version = 1
  inputs-digest = "49678a358e38fced37c46b157a930f97edb92a9f84c64fd5b9a8a71f65c25bbc"
  solver-name = "gps-cdcl"
  solver-version = 1
